# This file was autogenerated by uv via the following command:
#    uv pip compile src/requirements.txt -o src/requirements.lock
flatdict==4.0.1
    # via -r src/requirements.txt
gitdb==4.0.12
    # via gitpython
gitpython==3.1.46
    # via -r src/requirements.txt
loguru==0.7.3
    # via -r src/requirements.txt
numpy==2.4.1
    # via
    #   -r src/requirements.txt
    #   pandas
pandas==3.0.0
    # via -r src/requirements.txt
python-dateutil==2.9.0.post0
    # via pandas
pyyaml==6.0.3
    # via -r src/requirements.txt
six==1.17.0
    # via python-dateutil
smmap==5.0.2
    # via gitdb
